// !$*UTF8*$!
{
	archiveVersion = 1;
	classes = {
	};
	objectVersion = 50;
	objects = {

/* Begin PBXBuildFile section */
		C72ACC12236A497A00F943AA /* AppDelegate.swift in Sources */ = {isa = PBXBuildFile; fileRef = C72ACC11236A497A00F943AA /* AppDelegate.swift */; };
		C72ACC14236A497A00F943AA /* SceneDelegate.swift in Sources */ = {isa = PBXBuildFile; fileRef = C72ACC13236A497A00F943AA /* SceneDelegate.swift */; };
		C72ACC16236A497A00F943AA /* ContentView.swift in Sources */ = {isa = PBXBuildFile; fileRef = C72ACC15236A497A00F943AA /* ContentView.swift */; };
		C72ACC18236A497C00F943AA /* Assets.xcassets in Resources */ = {isa = PBXBuildFile; fileRef = C72ACC17236A497C00F943AA /* Assets.xcassets */; };
		C72ACC1B236A497C00F943AA /* Preview Assets.xcassets in Resources */ = {isa = PBXBuildFile; fileRef = C72ACC1A236A497C00F943AA /* Preview Assets.xcassets */; };
		C72ACC1E236A497C00F943AA /* LaunchScreen.storyboard in Resources */ = {isa = PBXBuildFile; fileRef = C72ACC1C236A497C00F943AA /* LaunchScreen.storyboard */; };
/* End PBXBuildFile section */

/* Begin PBXFileReference section */
		C72ACC0E236A497A00F943AA /* FB2019_lbta.app */ = {isa = PBXFileReference; explicitFileType = wrapper.application; includeInIndex = 0; path = FB2019_lbta.app; sourceTree = BUILT_PRODUCTS_DIR; };
		C72ACC11236A497A00F943AA /* AppDelegate.swift */ = {isa = PBXFileReference; lastKnownFileType = sourcecode.swift; path = AppDelegate.swift; sourceTree = "<group>"; };
		C72ACC13236A497A00F943AA /* SceneDelegate.swift */ = {isa = PBXFileReference; lastKnownFileType = sourcecode.swift; path = SceneDelegate.swift; sourceTree = "<group>"; };
		C72ACC15236A497A00F943AA /* ContentView.swift */ = {isa = PBXFileReference; lastKnownFileType = sourcecode.swift; path = ContentView.swift; sourceTree = "<group>"; };
		C72ACC17236A497C00F943AA /* Assets.xcassets */ = {isa = PBXFileReference; lastKnownFileType = folder.assetcatalog; path = Assets.xcassets; sourceTree = "<group>"; };
		C72ACC1A236A497C00F943AA /* Preview Assets.xcassets */ = {isa = PBXFileReference; lastKnownFileType = folder.assetcatalog; path = "Preview Assets.xcassets"; sourceTree = "<group>"; };
		C72ACC1D236A497C00F943AA /* Base */ = {isa = PBXFileReference; lastKnownFileType = file.storyboard; name = Base; path = Base.lproj/LaunchScreen.storyboard; sourceTree = "<group>"; };
		C72ACC1F236A497C00F943AA /* Info.plist */ = {isa = PBXFileReference; lastKnownFileType = text.plist.xml; path = Info.plist; sourceTree = "<group>"; };
/* End PBXFileReference section */

/* Begin PBXFrameworksBuildPhase section */
		C72ACC0B236A497A00F943AA /* Frameworks */ = {
			isa = PBXFrameworksBuildPhase;
			buildActionMask = 2147483647;
			files = (
			);
			runOnlyForDeploymentPostprocessing = 0;
		};
/* End PBXFrameworksBuildPhase section */

/* Begin PBXGroup section */
		C72ACC05236A497A00F943AA = {
			isa = PBXGroup;
			children = (
				C72ACC10236A497A00F943AA /* FB2019_lbta */,
				C72ACC0F236A497A00F943AA /* Products */,
			);
			sourceTree = "<group>";
		};
		C72ACC0F236A497A00F943AA /* Products */ = {
			isa = PBXGroup;
			children = (
				C72ACC0E236A497A00F943AA /* FB2019_lbta.app */,
			);
			name = Products;
			sourceTree = "<group>";
		};
		C72ACC10236A497A00F943AA /* FB2019_lbta */ = {
			isa = PBXGroup;
			children = (
				C72ACC11236A497A00F943AA /* AppDelegate.swift */,
				C72ACC13236A497A00F943AA /* SceneDelegate.swift */,
				C72ACC15236A497A00F943AA /* ContentView.swift */,
				C72ACC17236A497C00F943AA /* Assets.xcassets */,
				C72ACC1C236A497C00F943AA /* LaunchScreen.storyboard */,
				C72ACC1F236A497C00F943AA /* Info.plist */,
				C72ACC19236A497C00F943AA /* Preview Content */,
			);
			path = FB2019_lbta;
			sourceTree = "<group>";
		};
		C72ACC19236A497C00F943AA /* Preview Content */ = {
			isa = PBXGroup;
			children = (
				C72ACC1A236A497C00F943AA /* Preview Assets.xcassets */,
			);
			path = "Preview Content";
			sourceTree = "<group>";
		};
/* End PBXGroup section */

/* Begin PBXNativeTarget section */
		C72ACC0D236A497A00F943AA /* FB2019_lbta */ = {
			isa = PBXNativeTarget;
			buildConfigurationList = C72ACC22236A497C00F943AA /* Build configuration list for PBXNativeTarget "FB2019_lbta" */;
			buildPhases = (
				C72ACC0A236A497A00F943AA /* Sources */,
				C72ACC0B236A497A00F943AA /* Frameworks */,
				C72ACC0C236A497A00F943AA /* Resources */,
			);
			buildRules = (
			);
			dependencies = (
			);
			name = FB2019_lbta;
			productName = FB2019_lbta;
			productReference = C72ACC0E236A497A00F943AA /* FB2019_lbta.app */;
			productType = "com.apple.product-type.application";
		};
/* End PBXNativeTarget section */

/* Begin PBXProject section */
		C72ACC06236A497A00F943AA /* Project object */ = {
			isa = PBXProject;
			attributes = {
				LastSwiftUpdateCheck = 1120;
				LastUpgradeCheck = 1120;
				ORGANIZATIONNAME = "Brian Voong";
				TargetAttributes = {
					C72ACC0D236A497A00F943AA = {
						CreatedOnToolsVersion = 11.2;
					};
				};
			};
			buildConfigurationList = C72ACC09236A497A00F943AA /* Build configuration list for PBXProject "FB2019_lbta" */;
			compatibilityVersion = "Xcode 9.3";
			developmentRegion = en;
			hasScannedForEncodings = 0;
			knownRegions = (
				en,
				Base,
			);
			mainGroup = C72ACC05236A497A00F943AA;
			productRefGroup = C72ACC0F236A497A00F943AA /* Products */;
			projectDirPath = "";
			projectRoot = "";
			targets = (
				C72ACC0D236A497A00F943AA /* FB2019_lbta */,
			);
		};
/* End PBXProject section */

/* Begin PBXResourcesBuildPhase section */
		C72ACC0C236A497A00F943AA /* Resources */ = {
			isa = PBXResourcesBuildPhase;
			buildActionMask = 2147483647;
			files = (
				C72ACC1E236A497C00F943AA /* LaunchScreen.storyboard in Resources */,
				C72ACC1B236A497C00F943AA /* Preview Assets.xcassets in Resources */,
				C72ACC18236A497C00F943AA /* Assets.xcassets in Resources */,
			);
			runOnlyForDeploymentPostprocessing = 0;
		};
/* End PBXResourcesBuildPhase section */

/* Begin PBXSourcesBuildPhase section */
		C72ACC0A236A497A00F943AA /* Sources */ = {
			isa = PBXSourcesBuildPhase;
			buildActionMask = 2147483647;
			files = (
				C72ACC12236A497A00F943AA /* AppDelegate.swift in Sources */,
				C72ACC14236A497A00F943AA /* SceneDelegate.swift in Sources */,
				C72ACC16236A497A00F943AA /* ContentView.swift in Sources */,
			);
			runOnlyForDeploymentPostprocessing = 0;
		};
/* End PBXSourcesBuildPhase section */

/* Begin PBXVariantGroup section */
		C72ACC1C236A497C00F943AA /* LaunchScreen.storyboard */ = {
			isa = PBXVariantGroup;
			children = (
				C72ACC1D236A497C00F943AA /* Base */,
			);
			name = LaunchScreen.storyboard;
			sourceTree = "<group>";
		};
/* End PBXVariantGroup section */

/* Begin XCBuildConfiguration section */
		C72ACC20236A497C00F943AA /* Debug */ = {
			isa = XCBuildConfiguration;
			buildSettings = {
				ALWAYS_SEARCH_USER_PATHS = NO;
				CLANG_ANALYZER_NONNULL = YES;
				CLANG_ANALYZER_NUMBER_OBJECT_CONVERSION = YES_AGGRESSIVE;
				CLANG_CXX_LANGUAGE_STANDARD = "gnu++14";
				CLANG_CXX_LIBRARY = "libc++";
				CLANG_ENABLE_MODULES = YES;
				CLANG_ENABLE_OBJC_ARC = YES;
				CLANG_ENABLE_OBJC_WEAK = YES;
				CLANG_WARN_BLOCK_CAPTURE_AUTORELEASING = YES;
				CLANG_WARN_BOOL_CONVERSION = YES;
				CLANG_WARN_COMMA = YES;
				CLANG_WARN_CONSTANT_CONVERSION = YES;
				CLANG_WARN_DEPRECATED_OBJC_IMPLEMENTATIONS = YES;
				CLANG_WARN_DIRECT_OBJC_ISA_USAGE = YES_ERROR;
				CLANG_WARN_DOCUMENTATION_COMMENTS = YES;
				CLANG_WARN_EMPTY_BODY = YES;
				CLANG_WARN_ENUM_CONVERSION = YES;
				CLANG_WARN_INFINITE_RECURSION = YES;
				CLANG_WARN_INT_CONVERSION = YES;
				CLANG_WARN_NON_LITERAL_NULL_CONVERSION = YES;
				CLANG_WARN_OBJC_IMPLICIT_RETAIN_SELF = YES;
				CLANG_WARN_OBJC_LITERAL_CONVERSION = YES;
				CLANG_WARN_OBJC_ROOT_CLASS = YES_ERROR;
				CLANG_WARN_RANGE_LOOP_ANALYSIS = YES;
				CLANG_WARN_STRICT_PROTOTYPES = YES;
				CLANG_WARN_SUSPICIOUS_MOVE = YES;
				CLANG_WARN_UNGUARDED_AVAILABILITY = YES_AGGRESSIVE;
				CLANG_WARN_UNREACHABLE_CODE = YES;
				CLANG_WARN__DUPLICATE_METHOD_MATCH = YES;
				COPY_PHASE_STRIP = NO;
				DEBUG_INFORMATION_FORMAT = dwarf;
				ENABLE_STRICT_OBJC_MSGSEND = YES;
				ENABLE_TESTABILITY = YES;
				GCC_C_LANGUAGE_STANDARD = gnu11;
				GCC_DYNAMIC_NO_PIC = NO;
				GCC_NO_COMMON_BLOCKS = YES;
				GCC_OPTIMIZATION_LEVEL = 0;
				GCC_PREPROCESSOR_DEFINITIONS = (
					"DEBUG=1",
					"$(inherited)",
				);
				GCC_WARN_64_TO_32_BIT_CONVERSION = YES;
				GCC_WARN_ABOUT_RETURN_TYPE = YES_ERROR;
				GCC_WARN_UNDECLARED_SELECTOR = YES;
				GCC_WARN_UNINITIALIZED_AUTOS = YES_AGGRESSIVE;
				GCC_WARN_UNUSED_FUNCTION = YES;
				GCC_WARN_UNUSED_VARIABLE = YES;
				IPHONEOS_DEPLOYMENT_TARGET = 13.2;
				MTL_ENABLE_DEBUG_INFO = INCLUDE_SOURCE;
				MTL_FAST_MATH = YES;
				ONLY_ACTIVE_ARCH = YES;
				SDKROOT = iphoneos;
				SWIFT_ACTIVE_COMPILATION_CONDITIONS = DEBUG;
				SWIFT_OPTIMIZATION_LEVEL = "-Onone";
			};
			name = Debug;
		};
		C72ACC21236A497C00F943AA /* Release */ = {
			isa = XCBuildConfiguration;
			buildSettings = {
				ALWAYS_SEARCH_USER_PATHS = NO;
				CLANG_ANALYZER_NONNULL = YES;
				CLANG_ANALYZER_NUMBER_OBJECT_CONVERSION = YES_AGGRESSIVE;
				CLANG_CXX_LANGUAGE_STANDARD = "gnu++14";
				CLANG_CXX_LIBRARY = "libc++";
				CLANG_ENABLE_MODULES = YES;
				CLANG_ENABLE_OBJC_ARC = YES;
				CLANG_ENABLE_OBJC_WEAK = YES;
				CLANG_WARN_BLOCK_CAPTURE_AUTORELEASING = YES;
				CLANG_WARN_BOOL_CONVERSION = YES;
				CLANG_WARN_COMMA = YES;
				CLANG_WARN_CONSTANT_CONVERSION = YES;
				CLANG_WARN_DEPRECATED_OBJC_IMPLEMENTATIONS = YES;
				CLANG_WARN_DIRECT_OBJC_ISA_USAGE = YES_ERROR;
				CLANG_WARN_DOCUMENTATION_COMMENTS = YES;
				CLANG_WARN_EMPTY_BODY = YES;
				CLANG_WARN_ENUM_CONVERSION = YES;
				CLANG_WARN_INFINITE_RECURSION = YES;
				CLANG_WARN_INT_CONVERSION = YES;
				CLANG_WARN_NON_LITERAL_NULL_CONVERSION = YES;
				CLANG_WARN_OBJC_IMPLICIT_RETAIN_SELF = YES;
				CLANG_WARN_OBJC_LITERAL_CONVERSION = YES;
				CLANG_WARN_OBJC_ROOT_CLASS = YES_ERROR;
				CLANG_WARN_RANGE_LOOP_ANALYSIS = YES;
				CLANG_WARN_STRICT_PROTOTYPES = YES;
				CLANG_WARN_SUSPICIOUS_MOVE = YES;
				CLANG_WARN_UNGUARDED_AVAILABILITY = YES_AGGRESSIVE;
				CLANG_WARN_UNREACHABLE_CODE = YES;
				CLANG_WARN__DUPLICATE_METHOD_MATCH = YES;
				COPY_PHASE_STRIP = NO;
				DEBUG_INFORMATION_FORMAT = "dwarf-with-dsym";
				ENABLE_NS_ASSERTIONS = NO;
				ENABLE_STRICT_OBJC_MSGSEND = YES;
				GCC_C_LANGUAGE_STANDARD = gnu11;
				GCC_NO_COMMON_BLOCKS = YES;
				GCC_WARN_64_TO_32_BIT_CONVERSION = YES;
				GCC_WARN_ABOUT_RETURN_TYPE = YES_ERROR;
				GCC_WARN_UNDECLARED_SELECTOR = YES;
				GCC_WARN_UNINITIALIZED_AUTOS = YES_AGGRESSIVE;
				GCC_WARN_UNUSED_FUNCTION = YES;
				GCC_WARN_UNUSED_VARIABLE = YES;
				IPHONEOS_DEPLOYMENT_TARGET = 13.2;
				MTL_ENABLE_DEBUG_INFO = NO;
				MTL_FAST_MATH = YES;
				SDKROOT = iphoneos;
				SWIFT_COMPILATION_MODE = wholemodule;
				SWIFT_OPTIMIZATION_LEVEL = "-O";
				VALIDATE_PRODUCT = YES;
			};
			name = Release;
		};
		C72ACC23236A497C00F943AA /* Debug */ = {
			isa = XCBuildConfiguration;
			buildSettings = {
				ASSETCATALOG_COMPILER_APPICON_NAME = AppIcon;
				CODE_SIGN_STYLE = Automatic;
				DEVELOPMENT_ASSET_PATHS = "\"FB2019_lbta/Preview Content\"";
				ENABLE_PREVIEWS = YES;
				INFOPLIST_FILE = FB2019_lbta/Info.plist;
				LD_RUNPATH_SEARCH_PATHS = (
					"$(inherited)",
					"@executable_path/Frameworks",
				);
				PRODUCT_BUNDLE_IDENTIFIER = "com.letsbuildthatapp.FB2019-lbta";
				PRODUCT_NAME = "$(TARGET_NAME)";
				SWIFT_VERSION = 5.0;
				TARGETED_DEVICE_FAMILY = "1,2";
			};
			name = Debug;
		};
		C72ACC24236A497C00F943AA /* Release */ = {
			isa = XCBuildConfiguration;
			buildSettings = {
				ASSETCATALOG_COMPILER_APPICON_NAME = AppIcon;
				CODE_SIGN_STYLE = Automatic;
				DEVELOPMENT_ASSET_PATHS = "\"FB2019_lbta/Preview Content\"";
				ENABLE_PREVIEWS = YES;
				INFOPLIST_FILE = FB2019_lbta/Info.plist;
				LD_RUNPATH_SEARCH_PATHS = (
					"$(inherited)",
					"@executable_path/Frameworks",
				);
				PRODUCT_BUNDLE_IDENTIFIER = "com.letsbuildthatapp.FB2019-lbta";
				PRODUCT_NAME = "$(TARGET_NAME)";
				SWIFT_VERSION = 5.0;
				TARGETED_DEVICE_FAMILY = "1,2";
			};
			name = Release;
		};
/* End XCBuildConfiguration section */

/* Begin XCConfigurationList section */
		C72ACC09236A497A00F943AA /* Build configuration list for PBXProject "FB2019_lbta" */ = {
			isa = XCConfigurationList;
			buildConfigurations = (
				C72ACC20236A497C00F943AA /* Debug */,
				C72ACC21236A497C00F943AA /* Release */,
			);
			defaultConfigurationIsVisible = 0;
			defaultConfigurationName = Release;
		};
		C72ACC22236A497C00F943AA /* Build configuration list for PBXNativeTarget "FB2019_lbta" */ = {
			isa = XCConfigurationList;
			buildConfigurations = (
				C72ACC23236A497C00F943AA /* Debug */,
				C72ACC24236A497C00F943AA /* Release */,
			);
			defaultConfigurationIsVisible = 0;
			defaultConfigurationName = Release;
		};
/* End XCConfigurationList section */
	};
	rootObject = C72ACC06236A497A00F943AA /* Project object */;
}
