// !$*UTF8*$!
{
	archiveVersion = 1;
	classes = {
	};
	objectVersion = 52;
	objects = {

/* Begin PBXBuildFile section */
		453CFC3B23D61F5700AD4DA9 /* AppDelegate.swift in Sources */ = {isa = PBXBuildFile; fileRef = 453CFC3A23D61F5700AD4DA9 /* AppDelegate.swift */; };
		453CFC3D23D61F5700AD4DA9 /* SceneDelegate.swift in Sources */ = {isa = PBXBuildFile; fileRef = 453CFC3C23D61F5700AD4DA9 /* SceneDelegate.swift */; };
		453CFC3F23D61F5700AD4DA9 /* ContentView.swift in Sources */ = {isa = PBXBuildFile; fileRef = 453CFC3E23D61F5700AD4DA9 /* ContentView.swift */; };
		453CFC4123D61F5800AD4DA9 /* Assets.xcassets in Resources */ = {isa = PBXBuildFile; fileRef = 453CFC4023D61F5800AD4DA9 /* Assets.xcassets */; };
		453CFC4423D61F5800AD4DA9 /* Preview Assets.xcassets in Resources */ = {isa = PBXBuildFile; fileRef = 453CFC4323D61F5800AD4DA9 /* Preview Assets.xcassets */; };
		453CFC4723D61F5800AD4DA9 /* LaunchScreen.storyboard in Resources */ = {isa = PBXBuildFile; fileRef = 453CFC4523D61F5800AD4DA9 /* LaunchScreen.storyboard */; };
		453CFC4F23D6207600AD4DA9 /* MainController.swift in Sources */ = {isa = PBXBuildFile; fileRef = 453CFC4E23D6207600AD4DA9 /* MainController.swift */; };
		453CFC5223D625AC00AD4DA9 /* LBTATools in Frameworks */ = {isa = PBXBuildFile; productRef = 453CFC5123D625AC00AD4DA9 /* LBTATools */; };
		45867FCF23D736DC001CEAFD /* PhotosGridController.swift in Sources */ = {isa = PBXBuildFile; fileRef = 45867FCE23D736DC001CEAFD /* PhotosGridController.swift */; };
/* End PBXBuildFile section */

/* Begin PBXFileReference section */
		453CFC3723D61F5700AD4DA9 /* robbie-swift-facebook.app */ = {isa = PBXFileReference; explicitFileType = wrapper.application; includeInIndex = 0; path = "robbie-swift-facebook.app"; sourceTree = BUILT_PRODUCTS_DIR; };
		453CFC3A23D61F5700AD4DA9 /* AppDelegate.swift */ = {isa = PBXFileReference; lastKnownFileType = sourcecode.swift; path = AppDelegate.swift; sourceTree = "<group>"; };
		453CFC3C23D61F5700AD4DA9 /* SceneDelegate.swift */ = {isa = PBXFileReference; lastKnownFileType = sourcecode.swift; path = SceneDelegate.swift; sourceTree = "<group>"; };
		453CFC3E23D61F5700AD4DA9 /* ContentView.swift */ = {isa = PBXFileReference; lastKnownFileType = sourcecode.swift; path = ContentView.swift; sourceTree = "<group>"; };
		453CFC4023D61F5800AD4DA9 /* Assets.xcassets */ = {isa = PBXFileReference; lastKnownFileType = folder.assetcatalog; path = Assets.xcassets; sourceTree = "<group>"; };
		453CFC4323D61F5800AD4DA9 /* Preview Assets.xcassets */ = {isa = PBXFileReference; lastKnownFileType = folder.assetcatalog; path = "Preview Assets.xcassets"; sourceTree = "<group>"; };
		453CFC4623D61F5800AD4DA9 /* Base */ = {isa = PBXFileReference; lastKnownFileType = file.storyboard; name = Base; path = Base.lproj/LaunchScreen.storyboard; sourceTree = "<group>"; };
		453CFC4823D61F5800AD4DA9 /* Info.plist */ = {isa = PBXFileReference; lastKnownFileType = text.plist.xml; path = Info.plist; sourceTree = "<group>"; };
		453CFC4E23D6207600AD4DA9 /* MainController.swift */ = {isa = PBXFileReference; lastKnownFileType = sourcecode.swift; path = MainController.swift; sourceTree = "<group>"; };
		45867FCE23D736DC001CEAFD /* PhotosGridController.swift */ = {isa = PBXFileReference; lastKnownFileType = sourcecode.swift; path = PhotosGridController.swift; sourceTree = "<group>"; };
/* End PBXFileReference section */

/* Begin PBXFrameworksBuildPhase section */
		453CFC3423D61F5700AD4DA9 /* Frameworks */ = {
			isa = PBXFrameworksBuildPhase;
			buildActionMask = 2147483647;
			files = (
				453CFC5223D625AC00AD4DA9 /* LBTATools in Frameworks */,
			);
			runOnlyForDeploymentPostprocessing = 0;
		};
/* End PBXFrameworksBuildPhase section */

/* Begin PBXGroup section */
		453CFC2E23D61F5700AD4DA9 = {
			isa = PBXGroup;
			children = (
				453CFC3923D61F5700AD4DA9 /* robbie-swift-facebook */,
				453CFC3823D61F5700AD4DA9 /* Products */,
			);
			sourceTree = "<group>";
		};
		453CFC3823D61F5700AD4DA9 /* Products */ = {
			isa = PBXGroup;
			children = (
				453CFC3723D61F5700AD4DA9 /* robbie-swift-facebook.app */,
			);
			name = Products;
			sourceTree = "<group>";
		};
		453CFC3923D61F5700AD4DA9 /* robbie-swift-facebook */ = {
			isa = PBXGroup;
			children = (
				453CFC3A23D61F5700AD4DA9 /* AppDelegate.swift */,
				453CFC3C23D61F5700AD4DA9 /* SceneDelegate.swift */,
				453CFC3E23D61F5700AD4DA9 /* ContentView.swift */,
				453CFC4023D61F5800AD4DA9 /* Assets.xcassets */,
				453CFC4523D61F5800AD4DA9 /* LaunchScreen.storyboard */,
				453CFC4823D61F5800AD4DA9 /* Info.plist */,
				453CFC4E23D6207600AD4DA9 /* MainController.swift */,
				45867FCE23D736DC001CEAFD /* PhotosGridController.swift */,
				453CFC4223D61F5800AD4DA9 /* Preview Content */,
			);
			path = "robbie-swift-facebook";
			sourceTree = "<group>";
		};
		453CFC4223D61F5800AD4DA9 /* Preview Content */ = {
			isa = PBXGroup;
			children = (
				453CFC4323D61F5800AD4DA9 /* Preview Assets.xcassets */,
			);
			path = "Preview Content";
			sourceTree = "<group>";
		};
/* End PBXGroup section */

/* Begin PBXNativeTarget section */
		453CFC3623D61F5700AD4DA9 /* robbie-swift-facebook */ = {
			isa = PBXNativeTarget;
			buildConfigurationList = 453CFC4B23D61F5800AD4DA9 /* Build configuration list for PBXNativeTarget "robbie-swift-facebook" */;
			buildPhases = (
				453CFC3323D61F5700AD4DA9 /* Sources */,
				453CFC3423D61F5700AD4DA9 /* Frameworks */,
				453CFC3523D61F5700AD4DA9 /* Resources */,
			);
			buildRules = (
			);
			dependencies = (
			);
			name = "robbie-swift-facebook";
			packageProductDependencies = (
				453CFC5123D625AC00AD4DA9 /* LBTATools */,
			);
			productName = "robbie-swift-facebook";
			productReference = 453CFC3723D61F5700AD4DA9 /* robbie-swift-facebook.app */;
			productType = "com.apple.product-type.application";
		};
/* End PBXNativeTarget section */

/* Begin PBXProject section */
		453CFC2F23D61F5700AD4DA9 /* Project object */ = {
			isa = PBXProject;
			attributes = {
				LastSwiftUpdateCheck = 1110;
				LastUpgradeCheck = 1110;
				ORGANIZATIONNAME = robbiegay;
				TargetAttributes = {
					453CFC3623D61F5700AD4DA9 = {
						CreatedOnToolsVersion = 11.1;
					};
				};
			};
			buildConfigurationList = 453CFC3223D61F5700AD4DA9 /* Build configuration list for PBXProject "robbie-swift-facebook" */;
			compatibilityVersion = "Xcode 9.3";
			developmentRegion = en;
			hasScannedForEncodings = 0;
			knownRegions = (
				en,
				Base,
			);
			mainGroup = 453CFC2E23D61F5700AD4DA9;
			packageReferences = (
				453CFC5023D625AC00AD4DA9 /* XCRemoteSwiftPackageReference "LBTATools" */,
			);
			productRefGroup = 453CFC3823D61F5700AD4DA9 /* Products */;
			projectDirPath = "";
			projectRoot = "";
			targets = (
				453CFC3623D61F5700AD4DA9 /* robbie-swift-facebook */,
			);
		};
/* End PBXProject section */

/* Begin PBXResourcesBuildPhase section */
		453CFC3523D61F5700AD4DA9 /* Resources */ = {
			isa = PBXResourcesBuildPhase;
			buildActionMask = 2147483647;
			files = (
				453CFC4723D61F5800AD4DA9 /* LaunchScreen.storyboard in Resources */,
				453CFC4423D61F5800AD4DA9 /* Preview Assets.xcassets in Resources */,
				453CFC4123D61F5800AD4DA9 /* Assets.xcassets in Resources */,
			);
			runOnlyForDeploymentPostprocessing = 0;
		};
/* End PBXResourcesBuildPhase section */

/* Begin PBXSourcesBuildPhase section */
		453CFC3323D61F5700AD4DA9 /* Sources */ = {
			isa = PBXSourcesBuildPhase;
			buildActionMask = 2147483647;
			files = (
				453CFC4F23D6207600AD4DA9 /* MainController.swift in Sources */,
				453CFC3B23D61F5700AD4DA9 /* AppDelegate.swift in Sources */,
				453CFC3D23D61F5700AD4DA9 /* SceneDelegate.swift in Sources */,
				45867FCF23D736DC001CEAFD /* PhotosGridController.swift in Sources */,
				453CFC3F23D61F5700AD4DA9 /* ContentView.swift in Sources */,
			);
			runOnlyForDeploymentPostprocessing = 0;
		};
/* End PBXSourcesBuildPhase section */

/* Begin PBXVariantGroup section */
		453CFC4523D61F5800AD4DA9 /* LaunchScreen.storyboard */ = {
			isa = PBXVariantGroup;
			children = (
				453CFC4623D61F5800AD4DA9 /* Base */,
			);
			name = LaunchScreen.storyboard;
			sourceTree = "<group>";
		};
/* End PBXVariantGroup section */

/* Begin XCBuildConfiguration section */
		453CFC4923D61F5800AD4DA9 /* Debug */ = {
			isa = XCBuildConfiguration;
			buildSettings = {
				ALWAYS_SEARCH_USER_PATHS = NO;
				CLANG_ANALYZER_NONNULL = YES;
				CLANG_ANALYZER_NUMBER_OBJECT_CONVERSION = YES_AGGRESSIVE;
				CLANG_CXX_LANGUAGE_STANDARD = "gnu++14";
				CLANG_CXX_LIBRARY = "libc++";
				CLANG_ENABLE_MODULES = YES;
				CLANG_ENABLE_OBJC_ARC = YES;
				CLANG_ENABLE_OBJC_WEAK = YES;
				CLANG_WARN_BLOCK_CAPTURE_AUTORELEASING = YES;
				CLANG_WARN_BOOL_CONVERSION = YES;
				CLANG_WARN_COMMA = YES;
				CLANG_WARN_CONSTANT_CONVERSION = YES;
				CLANG_WARN_DEPRECATED_OBJC_IMPLEMENTATIONS = YES;
				CLANG_WARN_DIRECT_OBJC_ISA_USAGE = YES_ERROR;
				CLANG_WARN_DOCUMENTATION_COMMENTS = YES;
				CLANG_WARN_EMPTY_BODY = YES;
				CLANG_WARN_ENUM_CONVERSION = YES;
				CLANG_WARN_INFINITE_RECURSION = YES;
				CLANG_WARN_INT_CONVERSION = YES;
				CLANG_WARN_NON_LITERAL_NULL_CONVERSION = YES;
				CLANG_WARN_OBJC_IMPLICIT_RETAIN_SELF = YES;
				CLANG_WARN_OBJC_LITERAL_CONVERSION = YES;
				CLANG_WARN_OBJC_ROOT_CLASS = YES_ERROR;
				CLANG_WARN_RANGE_LOOP_ANALYSIS = YES;
				CLANG_WARN_STRICT_PROTOTYPES = YES;
				CLANG_WARN_SUSPICIOUS_MOVE = YES;
				CLANG_WARN_UNGUARDED_AVAILABILITY = YES_AGGRESSIVE;
				CLANG_WARN_UNREACHABLE_CODE = YES;
				CLANG_WARN__DUPLICATE_METHOD_MATCH = YES;
				COPY_PHASE_STRIP = NO;
				DEBUG_INFORMATION_FORMAT = dwarf;
				ENABLE_STRICT_OBJC_MSGSEND = YES;
				ENABLE_TESTABILITY = YES;
				GCC_C_LANGUAGE_STANDARD = gnu11;
				GCC_DYNAMIC_NO_PIC = NO;
				GCC_NO_COMMON_BLOCKS = YES;
				GCC_OPTIMIZATION_LEVEL = 0;
				GCC_PREPROCESSOR_DEFINITIONS = (
					"DEBUG=1",
					"$(inherited)",
				);
				GCC_WARN_64_TO_32_BIT_CONVERSION = YES;
				GCC_WARN_ABOUT_RETURN_TYPE = YES_ERROR;
				GCC_WARN_UNDECLARED_SELECTOR = YES;
				GCC_WARN_UNINITIALIZED_AUTOS = YES_AGGRESSIVE;
				GCC_WARN_UNUSED_FUNCTION = YES;
				GCC_WARN_UNUSED_VARIABLE = YES;
				IPHONEOS_DEPLOYMENT_TARGET = 13.1;
				MTL_ENABLE_DEBUG_INFO = INCLUDE_SOURCE;
				MTL_FAST_MATH = YES;
				ONLY_ACTIVE_ARCH = YES;
				SDKROOT = iphoneos;
				SWIFT_ACTIVE_COMPILATION_CONDITIONS = DEBUG;
				SWIFT_OPTIMIZATION_LEVEL = "-Onone";
			};
			name = Debug;
		};
		453CFC4A23D61F5800AD4DA9 /* Release */ = {
			isa = XCBuildConfiguration;
			buildSettings = {
				ALWAYS_SEARCH_USER_PATHS = NO;
				CLANG_ANALYZER_NONNULL = YES;
				CLANG_ANALYZER_NUMBER_OBJECT_CONVERSION = YES_AGGRESSIVE;
				CLANG_CXX_LANGUAGE_STANDARD = "gnu++14";
				CLANG_CXX_LIBRARY = "libc++";
				CLANG_ENABLE_MODULES = YES;
				CLANG_ENABLE_OBJC_ARC = YES;
				CLANG_ENABLE_OBJC_WEAK = YES;
				CLANG_WARN_BLOCK_CAPTURE_AUTORELEASING = YES;
				CLANG_WARN_BOOL_CONVERSION = YES;
				CLANG_WARN_COMMA = YES;
				CLANG_WARN_CONSTANT_CONVERSION = YES;
				CLANG_WARN_DEPRECATED_OBJC_IMPLEMENTATIONS = YES;
				CLANG_WARN_DIRECT_OBJC_ISA_USAGE = YES_ERROR;
				CLANG_WARN_DOCUMENTATION_COMMENTS = YES;
				CLANG_WARN_EMPTY_BODY = YES;
				CLANG_WARN_ENUM_CONVERSION = YES;
				CLANG_WARN_INFINITE_RECURSION = YES;
				CLANG_WARN_INT_CONVERSION = YES;
				CLANG_WARN_NON_LITERAL_NULL_CONVERSION = YES;
				CLANG_WARN_OBJC_IMPLICIT_RETAIN_SELF = YES;
				CLANG_WARN_OBJC_LITERAL_CONVERSION = YES;
				CLANG_WARN_OBJC_ROOT_CLASS = YES_ERROR;
				CLANG_WARN_RANGE_LOOP_ANALYSIS = YES;
				CLANG_WARN_STRICT_PROTOTYPES = YES;
				CLANG_WARN_SUSPICIOUS_MOVE = YES;
				CLANG_WARN_UNGUARDED_AVAILABILITY = YES_AGGRESSIVE;
				CLANG_WARN_UNREACHABLE_CODE = YES;
				CLANG_WARN__DUPLICATE_METHOD_MATCH = YES;
				COPY_PHASE_STRIP = NO;
				DEBUG_INFORMATION_FORMAT = "dwarf-with-dsym";
				ENABLE_NS_ASSERTIONS = NO;
				ENABLE_STRICT_OBJC_MSGSEND = YES;
				GCC_C_LANGUAGE_STANDARD = gnu11;
				GCC_NO_COMMON_BLOCKS = YES;
				GCC_WARN_64_TO_32_BIT_CONVERSION = YES;
				GCC_WARN_ABOUT_RETURN_TYPE = YES_ERROR;
				GCC_WARN_UNDECLARED_SELECTOR = YES;
				GCC_WARN_UNINITIALIZED_AUTOS = YES_AGGRESSIVE;
				GCC_WARN_UNUSED_FUNCTION = YES;
				GCC_WARN_UNUSED_VARIABLE = YES;
				IPHONEOS_DEPLOYMENT_TARGET = 13.1;
				MTL_ENABLE_DEBUG_INFO = NO;
				MTL_FAST_MATH = YES;
				SDKROOT = iphoneos;
				SWIFT_COMPILATION_MODE = wholemodule;
				SWIFT_OPTIMIZATION_LEVEL = "-O";
				VALIDATE_PRODUCT = YES;
			};
			name = Release;
		};
		453CFC4C23D61F5800AD4DA9 /* Debug */ = {
			isa = XCBuildConfiguration;
			buildSettings = {
				ASSETCATALOG_COMPILER_APPICON_NAME = AppIcon;
				CODE_SIGN_STYLE = Automatic;
				DEVELOPMENT_ASSET_PATHS = "\"robbie-swift-facebook/Preview Content\"";
				DEVELOPMENT_TEAM = 54YR42Q56C;
				ENABLE_PREVIEWS = YES;
				INFOPLIST_FILE = "robbie-swift-facebook/Info.plist";
				LD_RUNPATH_SEARCH_PATHS = (
					"$(inherited)",
					"@executable_path/Frameworks",
				);
				PRODUCT_BUNDLE_IDENTIFIER = "com.robbiegay.robbie-swift-facebook";
				PRODUCT_NAME = "$(TARGET_NAME)";
				SWIFT_VERSION = 5.0;
				TARGETED_DEVICE_FAMILY = "1,2";
			};
			name = Debug;
		};
		453CFC4D23D61F5800AD4DA9 /* Release */ = {
			isa = XCBuildConfiguration;
			buildSettings = {
				ASSETCATALOG_COMPILER_APPICON_NAME = AppIcon;
				CODE_SIGN_STYLE = Automatic;
				DEVELOPMENT_ASSET_PATHS = "\"robbie-swift-facebook/Preview Content\"";
				DEVELOPMENT_TEAM = 54YR42Q56C;
				ENABLE_PREVIEWS = YES;
				INFOPLIST_FILE = "robbie-swift-facebook/Info.plist";
				LD_RUNPATH_SEARCH_PATHS = (
					"$(inherited)",
					"@executable_path/Frameworks",
				);
				PRODUCT_BUNDLE_IDENTIFIER = "com.robbiegay.robbie-swift-facebook";
				PRODUCT_NAME = "$(TARGET_NAME)";
				SWIFT_VERSION = 5.0;
				TARGETED_DEVICE_FAMILY = "1,2";
			};
			name = Release;
		};
/* End XCBuildConfiguration section */

/* Begin XCConfigurationList section */
		453CFC3223D61F5700AD4DA9 /* Build configuration list for PBXProject "robbie-swift-facebook" */ = {
			isa = XCConfigurationList;
			buildConfigurations = (
				453CFC4923D61F5800AD4DA9 /* Debug */,
				453CFC4A23D61F5800AD4DA9 /* Release */,
			);
			defaultConfigurationIsVisible = 0;
			defaultConfigurationName = Release;
		};
		453CFC4B23D61F5800AD4DA9 /* Build configuration list for PBXNativeTarget "robbie-swift-facebook" */ = {
			isa = XCConfigurationList;
			buildConfigurations = (
				453CFC4C23D61F5800AD4DA9 /* Debug */,
				453CFC4D23D61F5800AD4DA9 /* Release */,
			);
			defaultConfigurationIsVisible = 0;
			defaultConfigurationName = Release;
		};
/* End XCConfigurationList section */

/* Begin XCRemoteSwiftPackageReference section */
		453CFC5023D625AC00AD4DA9 /* XCRemoteSwiftPackageReference "LBTATools" */ = {
			isa = XCRemoteSwiftPackageReference;
			repositoryURL = "https://github.com/bhlvoong/LBTATools.git";
			requirement = {
				kind = upToNextMajorVersion;
				minimumVersion = 1.0.17;
			};
		};
/* End XCRemoteSwiftPackageReference section */

/* Begin XCSwiftPackageProductDependency section */
		453CFC5123D625AC00AD4DA9 /* LBTATools */ = {
			isa = XCSwiftPackageProductDependency;
			package = 453CFC5023D625AC00AD4DA9 /* XCRemoteSwiftPackageReference "LBTATools" */;
			productName = LBTATools;
		};
/* End XCSwiftPackageProductDependency section */
	};
	rootObject = 453CFC2F23D61F5700AD4DA9 /* Project object */;
}
